
Microsoft Visual Studio Solution File, Format Version 12.00
# Visual Studio Version 17
VisualStudioVersion = 17.13.35931.197
MinimumVisualStudioVersion = 10.0.40219.1
Project("{FAE04EC0-301F-11D3-BF4B-00C04F79EFBC}") = "Car.Simulator", "Car.Simulator\Car.Simulator.csproj", "{0C71C1B5-6C4A-4EEA-AA88-CD8AC95E426C}"
EndProject
Project("{FAE04EC0-301F-11D3-BF4B-00C04F79EFBC}") = "Car.Shared", "Car.Shared\Car.Shared.csproj", "{5058898E-5742-4E7F-A0C1-A45BFD5DF99F}"
EndProject
Project("{FAE04EC0-301F-11D3-BF4B-00C04F79EFBC}") = "Car.Analytics", "Car.Analytics\Car.Analytics.csproj", "{99AF26E3-4B78-4EE7-B4C2-9B6F65243F86}"
EndProject
Global
	GlobalSection(SolutionConfigurationPlatforms) = preSolution
		Debug|Any CPU = Debug|Any CPU
		Release|Any CPU = Release|Any CPU
	EndGlobalSection
	GlobalSection(ProjectConfigurationPlatforms) = postSolution
		{0C71C1B5-6C4A-4EEA-AA88-CD8AC95E426C}.Debug|Any CPU.ActiveCfg = Debug|Any CPU
		{0C71C1B5-6C4A-4EEA-AA88-CD8AC95E426C}.Debug|Any CPU.Build.0 = Debug|Any CPU
		{0C71C1B5-6C4A-4EEA-AA88-CD8AC95E426C}.Release|Any CPU.ActiveCfg = Release|Any CPU
		{0C71C1B5-6C4A-4EEA-AA88-CD8AC95E426C}.Release|Any CPU.Build.0 = Release|Any CPU
		{5058898E-5742-4E7F-A0C1-A45BFD5DF99F}.Debug|Any CPU.ActiveCfg = Debug|Any CPU
		{5058898E-5742-4E7F-A0C1-A45BFD5DF99F}.Debug|Any CPU.Build.0 = Debug|Any CPU
		{5058898E-5742-4E7F-A0C1-A45BFD5DF99F}.Release|Any CPU.ActiveCfg = Release|Any CPU
		{5058898E-5742-4E7F-A0C1-A45BFD5DF99F}.Release|Any CPU.Build.0 = Release|Any CPU
		{99AF26E3-4B78-4EE7-B4C2-9B6F65243F86}.Debug|Any CPU.ActiveCfg = Debug|Any CPU
		{99AF26E3-4B78-4EE7-B4C2-9B6F65243F86}.Debug|Any CPU.Build.0 = Debug|Any CPU
		{99AF26E3-4B78-4EE7-B4C2-9B6F65243F86}.Release|Any CPU.ActiveCfg = Release|Any CPU
		{99AF26E3-4B78-4EE7-B4C2-9B6F65243F86}.Release|Any CPU.Build.0 = Release|Any CPU
	EndGlobalSection
	GlobalSection(SolutionProperties) = preSolution
		HideSolutionNode = FALSE
	EndGlobalSection
	GlobalSection(ExtensibilityGlobals) = postSolution
		SolutionGuid = {5CF70920-CD56-469E-A9F1-7E24C0723B65}
	EndGlobalSection
EndGlobal
